
Microsoft Visual Studio Solution File, Format Version 12.00
# Visual Studio Version 17
VisualStudioVersion = 17.8.34330.188
MinimumVisualStudioVersion = 10.0.40219.1
Project("{FAE04EC0-301F-11D3-BF4B-00C04F79EFBC}") = "ToDoList", "ToDoList.csproj", "{96A25D81-D253-413E-8A69-1803153E17E5}"
EndProject
Global
	GlobalSection(SolutionConfigurationPlatforms) = preSolution
		Debug|Any CPU = Debug|Any CPU
		Release|Any CPU = Release|Any CPU
	EndGlobalSection
	GlobalSection(ProjectConfigurationPlatforms) = postSolution
		{96A25D81-D253-413E-8A69-1803153E17E5}.Debug|Any CPU.ActiveCfg = Debug|Any CPU
		{96A25D81-D253-413E-8A69-1803153E17E5}.Debug|Any CPU.Build.0 = Debug|Any CPU
		{96A25D81-D253-413E-8A69-1803153E17E5}.Release|Any CPU.ActiveCfg = Release|Any CPU
		{96A25D81-D253-413E-8A69-1803153E17E5}.Release|Any CPU.Build.0 = Release|Any CPU
	EndGlobalSection
	GlobalSection(SolutionProperties) = preSolution
		HideSolutionNode = FALSE
	EndGlobalSection
	GlobalSection(ExtensibilityGlobals) = postSolution
		SolutionGuid = {EE6E4C86-1284-4F26-93E2-CE284884DE3A}
	EndGlobalSection
EndGlobal
